
Microsoft Visual Studio Solution File, Format Version 9.00
# Visual C++ Express 2005
Project("{8BC9CEB8-8B4A-11D0-8D11-00A0C91BC942}") = "winpractice4", "winpractice4\winpractice4.vcproj", "{3373EF5D-D810-4822-966B-8D26262D7DE9}"
EndProject
Global
	GlobalSection(SolutionConfigurationPlatforms) = preSolution
		Debug|Win32 = Debug|Win32
		Release|Win32 = Release|Win32
	EndGlobalSection
	GlobalSection(ProjectConfigurationPlatforms) = postSolution
		{3373EF5D-D810-4822-966B-8D26262D7DE9}.Debug|Win32.ActiveCfg = Debug|Win32
		{3373EF5D-D810-4822-966B-8D26262D7DE9}.Debug|Win32.Build.0 = Debug|Win32
		{3373EF5D-D810-4822-966B-8D26262D7DE9}.Release|Win32.ActiveCfg = Release|Win32
		{3373EF5D-D810-4822-966B-8D26262D7DE9}.Release|Win32.Build.0 = Release|Win32
	EndGlobalSection
	GlobalSection(SolutionProperties) = preSolution
		HideSolutionNode = FALSE
	EndGlobalSection
EndGlobal
