
Microsoft Visual Studio Solution File, Format Version 9.00
# Visual C++ Express 2005
Project("{8BC9CEB8-8B4A-11D0-8D11-00A0C91BC942}") = "winpractice2", "winpractice2\winpractice2.vcproj", "{805FA722-8CAD-4D8D-99E4-74FD82CC9156}"
EndProject
Global
	GlobalSection(SolutionConfigurationPlatforms) = preSolution
		Debug|Win32 = Debug|Win32
		Release|Win32 = Release|Win32
	EndGlobalSection
	GlobalSection(ProjectConfigurationPlatforms) = postSolution
		{805FA722-8CAD-4D8D-99E4-74FD82CC9156}.Debug|Win32.ActiveCfg = Debug|Win32
		{805FA722-8CAD-4D8D-99E4-74FD82CC9156}.Debug|Win32.Build.0 = Debug|Win32
		{805FA722-8CAD-4D8D-99E4-74FD82CC9156}.Release|Win32.ActiveCfg = Release|Win32
		{805FA722-8CAD-4D8D-99E4-74FD82CC9156}.Release|Win32.Build.0 = Release|Win32
	EndGlobalSection
	GlobalSection(SolutionProperties) = preSolution
		HideSolutionNode = FALSE
	EndGlobalSection
EndGlobal
