
Microsoft Visual Studio Solution File, Format Version 9.00
# Visual C++ Express 2005
Project("{8BC9CEB8-8B4A-11D0-8D11-00A0C91BC942}") = "winpractice5", "winpractice5\winpractice5.vcproj", "{BBFC5AEF-27AB-49D1-997D-7A703047D0CB}"
EndProject
Global
	GlobalSection(SolutionConfigurationPlatforms) = preSolution
		Debug|Win32 = Debug|Win32
		Release|Win32 = Release|Win32
	EndGlobalSection
	GlobalSection(ProjectConfigurationPlatforms) = postSolution
		{BBFC5AEF-27AB-49D1-997D-7A703047D0CB}.Debug|Win32.ActiveCfg = Debug|Win32
		{BBFC5AEF-27AB-49D1-997D-7A703047D0CB}.Debug|Win32.Build.0 = Debug|Win32
		{BBFC5AEF-27AB-49D1-997D-7A703047D0CB}.Release|Win32.ActiveCfg = Release|Win32
		{BBFC5AEF-27AB-49D1-997D-7A703047D0CB}.Release|Win32.Build.0 = Release|Win32
	EndGlobalSection
	GlobalSection(SolutionProperties) = preSolution
		HideSolutionNode = FALSE
	EndGlobalSection
EndGlobal
