
Microsoft Visual Studio Solution File, Format Version 9.00
# Visual C++ Express 2005
Project("{8BC9CEB8-8B4A-11D0-8D11-00A0C91BC942}") = "win test", "win test\win test.vcproj", "{60686807-E724-497F-BCE9-121D34407453}"
EndProject
Global
	GlobalSection(SolutionConfigurationPlatforms) = preSolution
		Debug|Win32 = Debug|Win32
		Release|Win32 = Release|Win32
	EndGlobalSection
	GlobalSection(ProjectConfigurationPlatforms) = postSolution
		{60686807-E724-497F-BCE9-121D34407453}.Debug|Win32.ActiveCfg = Debug|Win32
		{60686807-E724-497F-BCE9-121D34407453}.Debug|Win32.Build.0 = Debug|Win32
		{60686807-E724-497F-BCE9-121D34407453}.Release|Win32.ActiveCfg = Release|Win32
		{60686807-E724-497F-BCE9-121D34407453}.Release|Win32.Build.0 = Release|Win32
	EndGlobalSection
	GlobalSection(SolutionProperties) = preSolution
		HideSolutionNode = FALSE
	EndGlobalSection
EndGlobal
